// !$*UTF8*$!
{
	archiveVersion = 1;
	classes = {
	};
	objectVersion = 51;
	objects = {

/* Begin PBXBuildFile section */
		407A6C6DC31266FCDE0B2DFF /* Pods_WishList.framework in Frameworks */ = {isa = PBXBuildFile; fileRef = 7DEDD2A5E77ED978DFEEBEB7 /* Pods_WishList.framework */; };
		BE62B82ABA3AF4CC66C23698 /* Pods_WishList_WishListTests.framework in Frameworks */ = {isa = PBXBuildFile; fileRef = 186C1464F8BE99C933AF496E /* Pods_WishList_WishListTests.framework */; };
		F013A3C6238695A800754549 /* WishListViewController.swift in Sources */ = {isa = PBXBuildFile; fileRef = F013A3C5238695A800754549 /* WishListViewController.swift */; };
		F013A3CC23869A4300754549 /* WishListCoordinator.swift in Sources */ = {isa = PBXBuildFile; fileRef = F013A3CB23869A4300754549 /* WishListCoordinator.swift */; };
		F0143326238692AD006FFEAF /* WishList.framework in Frameworks */ = {isa = PBXBuildFile; fileRef = F014331C238692AC006FFEAF /* WishList.framework */; };
		F014332B238692AD006FFEAF /* WishListTests.swift in Sources */ = {isa = PBXBuildFile; fileRef = F014332A238692AD006FFEAF /* WishListTests.swift */; };
		F014332D238692AD006FFEAF /* WishList.h in Headers */ = {isa = PBXBuildFile; fileRef = F014331F238692AC006FFEAF /* WishList.h */; settings = {ATTRIBUTES = (Public, ); }; };
		F014333B238692BD006FFEAF /* WishListViewModel.swift in Sources */ = {isa = PBXBuildFile; fileRef = F0143338238692BD006FFEAF /* WishListViewModel.swift */; };
/* End PBXBuildFile section */

/* Begin PBXContainerItemProxy section */
		F0143327238692AD006FFEAF /* PBXContainerItemProxy */ = {
			isa = PBXContainerItemProxy;
			containerPortal = F0143313238692AC006FFEAF /* Project object */;
			proxyType = 1;
			remoteGlobalIDString = F014331B238692AC006FFEAF;
			remoteInfo = WishList;
		};
/* End PBXContainerItemProxy section */

/* Begin PBXFileReference section */
		186C1464F8BE99C933AF496E /* Pods_WishList_WishListTests.framework */ = {isa = PBXFileReference; explicitFileType = wrapper.framework; includeInIndex = 0; path = Pods_WishList_WishListTests.framework; sourceTree = BUILT_PRODUCTS_DIR; };
		5D78279F806EB73755845087 /* Pods-WishList.release.xcconfig */ = {isa = PBXFileReference; includeInIndex = 1; lastKnownFileType = text.xcconfig; name = "Pods-WishList.release.xcconfig"; path = "Target Support Files/Pods-WishList/Pods-WishList.release.xcconfig"; sourceTree = "<group>"; };
		7DEDD2A5E77ED978DFEEBEB7 /* Pods_WishList.framework */ = {isa = PBXFileReference; explicitFileType = wrapper.framework; includeInIndex = 0; path = Pods_WishList.framework; sourceTree = BUILT_PRODUCTS_DIR; };
		87D74854F994425CFB15C2C5 /* Pods-WishList-WishListTests.release.xcconfig */ = {isa = PBXFileReference; includeInIndex = 1; lastKnownFileType = text.xcconfig; name = "Pods-WishList-WishListTests.release.xcconfig"; path = "Target Support Files/Pods-WishList-WishListTests/Pods-WishList-WishListTests.release.xcconfig"; sourceTree = "<group>"; };
		991856F0DBAD9AD54A78EA42 /* Pods-WishList-WishListTests.debug.xcconfig */ = {isa = PBXFileReference; includeInIndex = 1; lastKnownFileType = text.xcconfig; name = "Pods-WishList-WishListTests.debug.xcconfig"; path = "Target Support Files/Pods-WishList-WishListTests/Pods-WishList-WishListTests.debug.xcconfig"; sourceTree = "<group>"; };
		E110929B45F86C8B1F17CE1D /* Pods-WishList.debug.xcconfig */ = {isa = PBXFileReference; includeInIndex = 1; lastKnownFileType = text.xcconfig; name = "Pods-WishList.debug.xcconfig"; path = "Target Support Files/Pods-WishList/Pods-WishList.debug.xcconfig"; sourceTree = "<group>"; };
		F013A3C5238695A800754549 /* WishListViewController.swift */ = {isa = PBXFileReference; lastKnownFileType = sourcecode.swift; path = WishListViewController.swift; sourceTree = "<group>"; };
		F013A3CB23869A4300754549 /* WishListCoordinator.swift */ = {isa = PBXFileReference; lastKnownFileType = sourcecode.swift; path = WishListCoordinator.swift; sourceTree = "<group>"; };
		F014331C238692AC006FFEAF /* WishList.framework */ = {isa = PBXFileReference; explicitFileType = wrapper.framework; includeInIndex = 0; path = WishList.framework; sourceTree = BUILT_PRODUCTS_DIR; };
		F014331F238692AC006FFEAF /* WishList.h */ = {isa = PBXFileReference; lastKnownFileType = sourcecode.c.h; path = WishList.h; sourceTree = "<group>"; };
		F0143320238692AC006FFEAF /* Info.plist */ = {isa = PBXFileReference; lastKnownFileType = text.plist.xml; path = Info.plist; sourceTree = "<group>"; };
		F0143325238692AD006FFEAF /* WishListTests.xctest */ = {isa = PBXFileReference; explicitFileType = wrapper.cfbundle; includeInIndex = 0; path = WishListTests.xctest; sourceTree = BUILT_PRODUCTS_DIR; };
		F014332A238692AD006FFEAF /* WishListTests.swift */ = {isa = PBXFileReference; lastKnownFileType = sourcecode.swift; path = WishListTests.swift; sourceTree = "<group>"; };
		F014332C238692AD006FFEAF /* Info.plist */ = {isa = PBXFileReference; lastKnownFileType = text.plist.xml; path = Info.plist; sourceTree = "<group>"; };
		F0143338238692BD006FFEAF /* WishListViewModel.swift */ = {isa = PBXFileReference; fileEncoding = 4; lastKnownFileType = sourcecode.swift; path = WishListViewModel.swift; sourceTree = "<group>"; };
/* End PBXFileReference section */

/* Begin PBXFrameworksBuildPhase section */
		F0143319238692AC006FFEAF /* Frameworks */ = {
			isa = PBXFrameworksBuildPhase;
			buildActionMask = 2147483647;
			files = (
				407A6C6DC31266FCDE0B2DFF /* Pods_WishList.framework in Frameworks */,
			);
			runOnlyForDeploymentPostprocessing = 0;
		};
		F0143322238692AD006FFEAF /* Frameworks */ = {
			isa = PBXFrameworksBuildPhase;
			buildActionMask = 2147483647;
			files = (
				F0143326238692AD006FFEAF /* WishList.framework in Frameworks */,
				BE62B82ABA3AF4CC66C23698 /* Pods_WishList_WishListTests.framework in Frameworks */,
			);
			runOnlyForDeploymentPostprocessing = 0;
		};
/* End PBXFrameworksBuildPhase section */

/* Begin PBXGroup section */
		50AB6D97AC6CE857FE6C2C03 /* Frameworks */ = {
			isa = PBXGroup;
			children = (
				7DEDD2A5E77ED978DFEEBEB7 /* Pods_WishList.framework */,
				186C1464F8BE99C933AF496E /* Pods_WishList_WishListTests.framework */,
			);
			name = Frameworks;
			sourceTree = "<group>";
		};
		9F038913CF08511483DBE5A5 /* Pods */ = {
			isa = PBXGroup;
			children = (
				E110929B45F86C8B1F17CE1D /* Pods-WishList.debug.xcconfig */,
				5D78279F806EB73755845087 /* Pods-WishList.release.xcconfig */,
				991856F0DBAD9AD54A78EA42 /* Pods-WishList-WishListTests.debug.xcconfig */,
				87D74854F994425CFB15C2C5 /* Pods-WishList-WishListTests.release.xcconfig */,
			);
			name = Pods;
			path = ../Pods;
			sourceTree = "<group>";
		};
		F013A3C42386959900754549 /* UI */ = {
			isa = PBXGroup;
			children = (
				F013A3C5238695A800754549 /* WishListViewController.swift */,
			);
			path = UI;
			sourceTree = "<group>";
		};
		F013A3CA238698BF00754549 /* Coordinator */ = {
			isa = PBXGroup;
			children = (
				F013A3CB23869A4300754549 /* WishListCoordinator.swift */,
			);
			path = Coordinator;
			sourceTree = "<group>";
		};
		F0143312238692AC006FFEAF = {
			isa = PBXGroup;
			children = (
				F014331E238692AC006FFEAF /* WishList */,
				F0143329238692AD006FFEAF /* WishListTests */,
				F014331D238692AC006FFEAF /* Products */,
				9F038913CF08511483DBE5A5 /* Pods */,
				50AB6D97AC6CE857FE6C2C03 /* Frameworks */,
			);
			sourceTree = "<group>";
		};
		F014331D238692AC006FFEAF /* Products */ = {
			isa = PBXGroup;
			children = (
				F014331C238692AC006FFEAF /* WishList.framework */,
				F0143325238692AD006FFEAF /* WishListTests.xctest */,
			);
			name = Products;
			sourceTree = "<group>";
		};
		F014331E238692AC006FFEAF /* WishList */ = {
			isa = PBXGroup;
			children = (
				F0143336238692BD006FFEAF /* WishListScreen */,
				F014331F238692AC006FFEAF /* WishList.h */,
				F0143320238692AC006FFEAF /* Info.plist */,
			);
			path = WishList;
			sourceTree = "<group>";
		};
		F0143329238692AD006FFEAF /* WishListTests */ = {
			isa = PBXGroup;
			children = (
				F014332A238692AD006FFEAF /* WishListTests.swift */,
				F014332C238692AD006FFEAF /* Info.plist */,
			);
			path = WishListTests;
			sourceTree = "<group>";
		};
		F0143336238692BD006FFEAF /* WishListScreen */ = {
			isa = PBXGroup;
			children = (
				F013A3CA238698BF00754549 /* Coordinator */,
				F013A3C42386959900754549 /* UI */,
				F0143337238692BD006FFEAF /* ViewModel */,
			);
			path = WishListScreen;
			sourceTree = "<group>";
		};
		F0143337238692BD006FFEAF /* ViewModel */ = {
			isa = PBXGroup;
			children = (
				F0143338238692BD006FFEAF /* WishListViewModel.swift */,
			);
			path = ViewModel;
			sourceTree = "<group>";
		};
/* End PBXGroup section */

/* Begin PBXHeadersBuildPhase section */
		F0143317238692AC006FFEAF /* Headers */ = {
			isa = PBXHeadersBuildPhase;
			buildActionMask = 2147483647;
			files = (
				F014332D238692AD006FFEAF /* WishList.h in Headers */,
			);
			runOnlyForDeploymentPostprocessing = 0;
		};
/* End PBXHeadersBuildPhase section */

/* Begin PBXNativeTarget section */
		F014331B238692AC006FFEAF /* WishList */ = {
			isa = PBXNativeTarget;
			buildConfigurationList = F0143330238692AD006FFEAF /* Build configuration list for PBXNativeTarget "WishList" */;
			buildPhases = (
				6FCDF820A856E8A14B9B8EF6 /* [CP] Check Pods Manifest.lock */,
				F0143317238692AC006FFEAF /* Headers */,
				F0143318238692AC006FFEAF /* Sources */,
				F0143319238692AC006FFEAF /* Frameworks */,
				F014331A238692AC006FFEAF /* Resources */,
			);
			buildRules = (
			);
			dependencies = (
			);
			name = WishList;
			productName = WishList;
			productReference = F014331C238692AC006FFEAF /* WishList.framework */;
			productType = "com.apple.product-type.framework";
		};
		F0143324238692AD006FFEAF /* WishListTests */ = {
			isa = PBXNativeTarget;
			buildConfigurationList = F0143333238692AD006FFEAF /* Build configuration list for PBXNativeTarget "WishListTests" */;
			buildPhases = (
				5F8634289A70A8B0CEEE45A0 /* [CP] Check Pods Manifest.lock */,
				F0143321238692AD006FFEAF /* Sources */,
				F0143322238692AD006FFEAF /* Frameworks */,
				F0143323238692AD006FFEAF /* Resources */,
				C41AF79F6AF669A4CFB2DA0A /* [CP] Embed Pods Frameworks */,
			);
			buildRules = (
			);
			dependencies = (
				F0143328238692AD006FFEAF /* PBXTargetDependency */,
			);
			name = WishListTests;
			productName = WishListTests;
			productReference = F0143325238692AD006FFEAF /* WishListTests.xctest */;
			productType = "com.apple.product-type.bundle.unit-test";
		};
/* End PBXNativeTarget section */

/* Begin PBXProject section */
		F0143313238692AC006FFEAF /* Project object */ = {
			isa = PBXProject;
			attributes = {
				LastSwiftUpdateCheck = 1120;
				LastUpgradeCheck = 1120;
				ORGANIZATIONNAME = "Matej Hetzel";
				TargetAttributes = {
					F014331B238692AC006FFEAF = {
						CreatedOnToolsVersion = 11.2.1;
					};
					F0143324238692AD006FFEAF = {
						CreatedOnToolsVersion = 11.2.1;
					};
				};
			};
			buildConfigurationList = F0143316238692AC006FFEAF /* Build configuration list for PBXProject "WishList" */;
			compatibilityVersion = "Xcode 9.3";
			developmentRegion = en;
			hasScannedForEncodings = 0;
			knownRegions = (
				en,
				Base,
			);
			mainGroup = F0143312238692AC006FFEAF;
			productRefGroup = F014331D238692AC006FFEAF /* Products */;
			projectDirPath = "";
			projectRoot = "";
			targets = (
				F014331B238692AC006FFEAF /* WishList */,
				F0143324238692AD006FFEAF /* WishListTests */,
			);
		};
/* End PBXProject section */

/* Begin PBXResourcesBuildPhase section */
		F014331A238692AC006FFEAF /* Resources */ = {
			isa = PBXResourcesBuildPhase;
			buildActionMask = 2147483647;
			files = (
			);
			runOnlyForDeploymentPostprocessing = 0;
		};
		F0143323238692AD006FFEAF /* Resources */ = {
			isa = PBXResourcesBuildPhase;
			buildActionMask = 2147483647;
			files = (
			);
			runOnlyForDeploymentPostprocessing = 0;
		};
/* End PBXResourcesBuildPhase section */

/* Begin PBXShellScriptBuildPhase section */
		5F8634289A70A8B0CEEE45A0 /* [CP] Check Pods Manifest.lock */ = {
			isa = PBXShellScriptBuildPhase;
			buildActionMask = 2147483647;
			files = (
			);
			inputFileListPaths = (
			);
			inputPaths = (
				"${PODS_PODFILE_DIR_PATH}/Podfile.lock",
				"${PODS_ROOT}/Manifest.lock",
			);
			name = "[CP] Check Pods Manifest.lock";
			outputFileListPaths = (
			);
			outputPaths = (
				"$(DERIVED_FILE_DIR)/Pods-WishList-WishListTests-checkManifestLockResult.txt",
			);
			runOnlyForDeploymentPostprocessing = 0;
			shellPath = /bin/sh;
			shellScript = "diff \"${PODS_PODFILE_DIR_PATH}/Podfile.lock\" \"${PODS_ROOT}/Manifest.lock\" > /dev/null\nif [ $? != 0 ] ; then\n    # print error to STDERR\n    echo \"error: The sandbox is not in sync with the Podfile.lock. Run 'pod install' or update your CocoaPods installation.\" >&2\n    exit 1\nfi\n# This output is used by Xcode 'outputs' to avoid re-running this script phase.\necho \"SUCCESS\" > \"${SCRIPT_OUTPUT_FILE_0}\"\n";
			showEnvVarsInLog = 0;
		};
		6FCDF820A856E8A14B9B8EF6 /* [CP] Check Pods Manifest.lock */ = {
			isa = PBXShellScriptBuildPhase;
			buildActionMask = 2147483647;
			files = (
			);
			inputFileListPaths = (
			);
			inputPaths = (
				"${PODS_PODFILE_DIR_PATH}/Podfile.lock",
				"${PODS_ROOT}/Manifest.lock",
			);
			name = "[CP] Check Pods Manifest.lock";
			outputFileListPaths = (
			);
			outputPaths = (
				"$(DERIVED_FILE_DIR)/Pods-WishList-checkManifestLockResult.txt",
			);
			runOnlyForDeploymentPostprocessing = 0;
			shellPath = /bin/sh;
			shellScript = "diff \"${PODS_PODFILE_DIR_PATH}/Podfile.lock\" \"${PODS_ROOT}/Manifest.lock\" > /dev/null\nif [ $? != 0 ] ; then\n    # print error to STDERR\n    echo \"error: The sandbox is not in sync with the Podfile.lock. Run 'pod install' or update your CocoaPods installation.\" >&2\n    exit 1\nfi\n# This output is used by Xcode 'outputs' to avoid re-running this script phase.\necho \"SUCCESS\" > \"${SCRIPT_OUTPUT_FILE_0}\"\n";
			showEnvVarsInLog = 0;
		};
		C41AF79F6AF669A4CFB2DA0A /* [CP] Embed Pods Frameworks */ = {
			isa = PBXShellScriptBuildPhase;
			buildActionMask = 2147483647;
			files = (
			);
			inputFileListPaths = (
				"${PODS_ROOT}/Target Support Files/Pods-WishList-WishListTests/Pods-WishList-WishListTests-frameworks-${CONFIGURATION}-input-files.xcfilelist",
			);
			name = "[CP] Embed Pods Frameworks";
			outputFileListPaths = (
				"${PODS_ROOT}/Target Support Files/Pods-WishList-WishListTests/Pods-WishList-WishListTests-frameworks-${CONFIGURATION}-output-files.xcfilelist",
			);
			runOnlyForDeploymentPostprocessing = 0;
			shellPath = /bin/sh;
			shellScript = "\"${PODS_ROOT}/Target Support Files/Pods-WishList-WishListTests/Pods-WishList-WishListTests-frameworks.sh\"\n";
			showEnvVarsInLog = 0;
		};
/* End PBXShellScriptBuildPhase section */

/* Begin PBXSourcesBuildPhase section */
		F0143318238692AC006FFEAF /* Sources */ = {
			isa = PBXSourcesBuildPhase;
			buildActionMask = 2147483647;
			files = (
				F013A3CC23869A4300754549 /* WishListCoordinator.swift in Sources */,
				F014333B238692BD006FFEAF /* WishListViewModel.swift in Sources */,
				F013A3C6238695A800754549 /* WishListViewController.swift in Sources */,
			);
			runOnlyForDeploymentPostprocessing = 0;
		};
		F0143321238692AD006FFEAF /* Sources */ = {
			isa = PBXSourcesBuildPhase;
			buildActionMask = 2147483647;
			files = (
				F014332B238692AD006FFEAF /* WishListTests.swift in Sources */,
			);
			runOnlyForDeploymentPostprocessing = 0;
		};
/* End PBXSourcesBuildPhase section */

/* Begin PBXTargetDependency section */
		F0143328238692AD006FFEAF /* PBXTargetDependency */ = {
			isa = PBXTargetDependency;
			target = F014331B238692AC006FFEAF /* WishList */;
			targetProxy = F0143327238692AD006FFEAF /* PBXContainerItemProxy */;
		};
/* End PBXTargetDependency section */

/* Begin XCBuildConfiguration section */
		F014332E238692AD006FFEAF /* Debug */ = {
			isa = XCBuildConfiguration;
			buildSettings = {
				ALWAYS_SEARCH_USER_PATHS = NO;
				CLANG_ANALYZER_NONNULL = YES;
				CLANG_ANALYZER_NUMBER_OBJECT_CONVERSION = YES_AGGRESSIVE;
				CLANG_CXX_LANGUAGE_STANDARD = "gnu++14";
				CLANG_CXX_LIBRARY = "libc++";
				CLANG_ENABLE_MODULES = YES;
				CLANG_ENABLE_OBJC_ARC = YES;
				CLANG_ENABLE_OBJC_WEAK = YES;
				CLANG_WARN_BLOCK_CAPTURE_AUTORELEASING = YES;
				CLANG_WARN_BOOL_CONVERSION = YES;
				CLANG_WARN_COMMA = YES;
				CLANG_WARN_CONSTANT_CONVERSION = YES;
				CLANG_WARN_DEPRECATED_OBJC_IMPLEMENTATIONS = YES;
				CLANG_WARN_DIRECT_OBJC_ISA_USAGE = YES_ERROR;
				CLANG_WARN_DOCUMENTATION_COMMENTS = YES;
				CLANG_WARN_EMPTY_BODY = YES;
				CLANG_WARN_ENUM_CONVERSION = YES;
				CLANG_WARN_INFINITE_RECURSION = YES;
				CLANG_WARN_INT_CONVERSION = YES;
				CLANG_WARN_NON_LITERAL_NULL_CONVERSION = YES;
				CLANG_WARN_OBJC_IMPLICIT_RETAIN_SELF = YES;
				CLANG_WARN_OBJC_LITERAL_CONVERSION = YES;
				CLANG_WARN_OBJC_ROOT_CLASS = YES_ERROR;
				CLANG_WARN_RANGE_LOOP_ANALYSIS = YES;
				CLANG_WARN_STRICT_PROTOTYPES = YES;
				CLANG_WARN_SUSPICIOUS_MOVE = YES;
				CLANG_WARN_UNGUARDED_AVAILABILITY = YES_AGGRESSIVE;
				CLANG_WARN_UNREACHABLE_CODE = YES;
				CLANG_WARN__DUPLICATE_METHOD_MATCH = YES;
				COPY_PHASE_STRIP = NO;
				CURRENT_PROJECT_VERSION = 1;
				DEBUG_INFORMATION_FORMAT = dwarf;
				ENABLE_STRICT_OBJC_MSGSEND = YES;
				ENABLE_TESTABILITY = YES;
				GCC_C_LANGUAGE_STANDARD = gnu11;
				GCC_DYNAMIC_NO_PIC = NO;
				GCC_NO_COMMON_BLOCKS = YES;
				GCC_OPTIMIZATION_LEVEL = 0;
				GCC_PREPROCESSOR_DEFINITIONS = (
					"DEBUG=1",
					"$(inherited)",
				);
				GCC_WARN_64_TO_32_BIT_CONVERSION = YES;
				GCC_WARN_ABOUT_RETURN_TYPE = YES_ERROR;
				GCC_WARN_UNDECLARED_SELECTOR = YES;
				GCC_WARN_UNINITIALIZED_AUTOS = YES_AGGRESSIVE;
				GCC_WARN_UNUSED_FUNCTION = YES;
				GCC_WARN_UNUSED_VARIABLE = YES;
				IPHONEOS_DEPLOYMENT_TARGET = 13.2;
				MTL_ENABLE_DEBUG_INFO = INCLUDE_SOURCE;
				MTL_FAST_MATH = YES;
				ONLY_ACTIVE_ARCH = YES;
				SDKROOT = iphoneos;
				SWIFT_ACTIVE_COMPILATION_CONDITIONS = DEBUG;
				SWIFT_OPTIMIZATION_LEVEL = "-Onone";
				VERSIONING_SYSTEM = "apple-generic";
				VERSION_INFO_PREFIX = "";
			};
			name = Debug;
		};
		F014332F238692AD006FFEAF /* Release */ = {
			isa = XCBuildConfiguration;
			buildSettings = {
				ALWAYS_SEARCH_USER_PATHS = NO;
				CLANG_ANALYZER_NONNULL = YES;
				CLANG_ANALYZER_NUMBER_OBJECT_CONVERSION = YES_AGGRESSIVE;
				CLANG_CXX_LANGUAGE_STANDARD = "gnu++14";
				CLANG_CXX_LIBRARY = "libc++";
				CLANG_ENABLE_MODULES = YES;
				CLANG_ENABLE_OBJC_ARC = YES;
				CLANG_ENABLE_OBJC_WEAK = YES;
				CLANG_WARN_BLOCK_CAPTURE_AUTORELEASING = YES;
				CLANG_WARN_BOOL_CONVERSION = YES;
				CLANG_WARN_COMMA = YES;
				CLANG_WARN_CONSTANT_CONVERSION = YES;
				CLANG_WARN_DEPRECATED_OBJC_IMPLEMENTATIONS = YES;
				CLANG_WARN_DIRECT_OBJC_ISA_USAGE = YES_ERROR;
				CLANG_WARN_DOCUMENTATION_COMMENTS = YES;
				CLANG_WARN_EMPTY_BODY = YES;
				CLANG_WARN_ENUM_CONVERSION = YES;
				CLANG_WARN_INFINITE_RECURSION = YES;
				CLANG_WARN_INT_CONVERSION = YES;
				CLANG_WARN_NON_LITERAL_NULL_CONVERSION = YES;
				CLANG_WARN_OBJC_IMPLICIT_RETAIN_SELF = YES;
				CLANG_WARN_OBJC_LITERAL_CONVERSION = YES;
				CLANG_WARN_OBJC_ROOT_CLASS = YES_ERROR;
				CLANG_WARN_RANGE_LOOP_ANALYSIS = YES;
				CLANG_WARN_STRICT_PROTOTYPES = YES;
				CLANG_WARN_SUSPICIOUS_MOVE = YES;
				CLANG_WARN_UNGUARDED_AVAILABILITY = YES_AGGRESSIVE;
				CLANG_WARN_UNREACHABLE_CODE = YES;
				CLANG_WARN__DUPLICATE_METHOD_MATCH = YES;
				COPY_PHASE_STRIP = NO;
				CURRENT_PROJECT_VERSION = 1;
				DEBUG_INFORMATION_FORMAT = "dwarf-with-dsym";
				ENABLE_NS_ASSERTIONS = NO;
				ENABLE_STRICT_OBJC_MSGSEND = YES;
				GCC_C_LANGUAGE_STANDARD = gnu11;
				GCC_NO_COMMON_BLOCKS = YES;
				GCC_WARN_64_TO_32_BIT_CONVERSION = YES;
				GCC_WARN_ABOUT_RETURN_TYPE = YES_ERROR;
				GCC_WARN_UNDECLARED_SELECTOR = YES;
				GCC_WARN_UNINITIALIZED_AUTOS = YES_AGGRESSIVE;
				GCC_WARN_UNUSED_FUNCTION = YES;
				GCC_WARN_UNUSED_VARIABLE = YES;
				IPHONEOS_DEPLOYMENT_TARGET = 13.2;
				MTL_ENABLE_DEBUG_INFO = NO;
				MTL_FAST_MATH = YES;
				SDKROOT = iphoneos;
				SWIFT_COMPILATION_MODE = wholemodule;
				SWIFT_OPTIMIZATION_LEVEL = "-O";
				VALIDATE_PRODUCT = YES;
				VERSIONING_SYSTEM = "apple-generic";
				VERSION_INFO_PREFIX = "";
			};
			name = Release;
		};
		F0143331238692AD006FFEAF /* Debug */ = {
			isa = XCBuildConfiguration;
			baseConfigurationReference = E110929B45F86C8B1F17CE1D /* Pods-WishList.debug.xcconfig */;
			buildSettings = {
				CODE_SIGN_STYLE = Automatic;
				DEFINES_MODULE = YES;
				DEVELOPMENT_TEAM = SH9PFY4YLC;
				DYLIB_COMPATIBILITY_VERSION = 1;
				DYLIB_CURRENT_VERSION = 1;
				DYLIB_INSTALL_NAME_BASE = "@rpath";
				INFOPLIST_FILE = WishList/Info.plist;
				INSTALL_PATH = "$(LOCAL_LIBRARY_DIR)/Frameworks";
				LD_RUNPATH_SEARCH_PATHS = (
					"$(inherited)",
					"@executable_path/Frameworks",
					"@loader_path/Frameworks",
				);
				PRODUCT_BUNDLE_IDENTIFIER = com.example.WishList;
				PRODUCT_NAME = "$(TARGET_NAME:c99extidentifier)";
				SKIP_INSTALL = YES;
				SWIFT_VERSION = 5.0;
				TARGETED_DEVICE_FAMILY = "1,2";
			};
			name = Debug;
		};
		F0143332238692AD006FFEAF /* Release */ = {
			isa = XCBuildConfiguration;
			baseConfigurationReference = 5D78279F806EB73755845087 /* Pods-WishList.release.xcconfig */;
			buildSettings = {
				CODE_SIGN_STYLE = Automatic;
				DEFINES_MODULE = YES;
				DEVELOPMENT_TEAM = SH9PFY4YLC;
				DYLIB_COMPATIBILITY_VERSION = 1;
				DYLIB_CURRENT_VERSION = 1;
				DYLIB_INSTALL_NAME_BASE = "@rpath";
				INFOPLIST_FILE = WishList/Info.plist;
				INSTALL_PATH = "$(LOCAL_LIBRARY_DIR)/Frameworks";
				LD_RUNPATH_SEARCH_PATHS = (
					"$(inherited)",
					"@executable_path/Frameworks",
					"@loader_path/Frameworks",
				);
				PRODUCT_BUNDLE_IDENTIFIER = com.example.WishList;
				PRODUCT_NAME = "$(TARGET_NAME:c99extidentifier)";
				SKIP_INSTALL = YES;
				SWIFT_VERSION = 5.0;
				TARGETED_DEVICE_FAMILY = "1,2";
			};
			name = Release;
		};
		F0143334238692AD006FFEAF /* Debug */ = {
			isa = XCBuildConfiguration;
			baseConfigurationReference = 991856F0DBAD9AD54A78EA42 /* Pods-WishList-WishListTests.debug.xcconfig */;
			buildSettings = {
				ALWAYS_EMBED_SWIFT_STANDARD_LIBRARIES = YES;
				CODE_SIGN_STYLE = Automatic;
				DEVELOPMENT_TEAM = SH9PFY4YLC;
				INFOPLIST_FILE = WishListTests/Info.plist;
				LD_RUNPATH_SEARCH_PATHS = (
					"$(inherited)",
					"@executable_path/Frameworks",
					"@loader_path/Frameworks",
				);
				PRODUCT_BUNDLE_IDENTIFIER = com.example.WishListTests;
				PRODUCT_NAME = "$(TARGET_NAME)";
				SWIFT_VERSION = 5.0;
				TARGETED_DEVICE_FAMILY = "1,2";
			};
			name = Debug;
		};
		F0143335238692AD006FFEAF /* Release */ = {
			isa = XCBuildConfiguration;
			baseConfigurationReference = 87D74854F994425CFB15C2C5 /* Pods-WishList-WishListTests.release.xcconfig */;
			buildSettings = {
				ALWAYS_EMBED_SWIFT_STANDARD_LIBRARIES = YES;
				CODE_SIGN_STYLE = Automatic;
				DEVELOPMENT_TEAM = SH9PFY4YLC;
				INFOPLIST_FILE = WishListTests/Info.plist;
				LD_RUNPATH_SEARCH_PATHS = (
					"$(inherited)",
					"@executable_path/Frameworks",
					"@loader_path/Frameworks",
				);
				PRODUCT_BUNDLE_IDENTIFIER = com.example.WishListTests;
				PRODUCT_NAME = "$(TARGET_NAME)";
				SWIFT_VERSION = 5.0;
				TARGETED_DEVICE_FAMILY = "1,2";
			};
			name = Release;
		};
/* End XCBuildConfiguration section */

/* Begin XCConfigurationList section */
		F0143316238692AC006FFEAF /* Build configuration list for PBXProject "WishList" */ = {
			isa = XCConfigurationList;
			buildConfigurations = (
				F014332E238692AD006FFEAF /* Debug */,
				F014332F238692AD006FFEAF /* Release */,
			);
			defaultConfigurationIsVisible = 0;
			defaultConfigurationName = Release;
		};
		F0143330238692AD006FFEAF /* Build configuration list for PBXNativeTarget "WishList" */ = {
			isa = XCConfigurationList;
			buildConfigurations = (
				F0143331238692AD006FFEAF /* Debug */,
				F0143332238692AD006FFEAF /* Release */,
			);
			defaultConfigurationIsVisible = 0;
			defaultConfigurationName = Release;
		};
		F0143333238692AD006FFEAF /* Build configuration list for PBXNativeTarget "WishListTests" */ = {
			isa = XCConfigurationList;
			buildConfigurations = (
				F0143334238692AD006FFEAF /* Debug */,
				F0143335238692AD006FFEAF /* Release */,
			);
			defaultConfigurationIsVisible = 0;
			defaultConfigurationName = Release;
		};
/* End XCConfigurationList section */
	};
	rootObject = F0143313238692AC006FFEAF /* Project object */;
}
