// !$*UTF8*$!
{
	archiveVersion = 1;
	classes = {
	};
	objectVersion = 51;
	objects = {

/* Begin PBXBuildFile section */
		5CB14337B39D65F158C74ADD /* Pods_FactoryApp.framework in Frameworks */ = {isa = PBXBuildFile; fileRef = 1345FD006401F85AC91EADC5 /* Pods_FactoryApp.framework */; };
		6C16A3873586EC177465D901 /* Pods_FactoryAppTests.framework in Frameworks */ = {isa = PBXBuildFile; fileRef = 3470C75761E10BABC5104859 /* Pods_FactoryAppTests.framework */; };
		F013A3BE238693BE00754549 /* WishList.framework in Frameworks */ = {isa = PBXBuildFile; fileRef = F013A3BD238693BE00754549 /* WishList.framework */; };
		F013A3BF238693BE00754549 /* WishList.framework in Embed Frameworks */ = {isa = PBXBuildFile; fileRef = F013A3BD238693BE00754549 /* WishList.framework */; settings = {ATTRIBUTES = (CodeSignOnCopy, RemoveHeadersOnCopy, ); }; };
		F02CDFC9238411E3007E0E07 /* RestorauntsViewController.swift in Sources */ = {isa = PBXBuildFile; fileRef = F02CDFC0238411E3007E0E07 /* RestorauntsViewController.swift */; };
		F02CDFCA238411E3007E0E07 /* RestorauntView.swift in Sources */ = {isa = PBXBuildFile; fileRef = F02CDFC2238411E3007E0E07 /* RestorauntView.swift */; };
		F02CDFCB238411E3007E0E07 /* RestorauntsCoordinator.swift in Sources */ = {isa = PBXBuildFile; fileRef = F02CDFC4238411E3007E0E07 /* RestorauntsCoordinator.swift */; };
		F02CDFCC238411E3007E0E07 /* RestorauntsTableViewCell.swift in Sources */ = {isa = PBXBuildFile; fileRef = F02CDFC5238411E3007E0E07 /* RestorauntsTableViewCell.swift */; };
		F02CDFCD238411E3007E0E07 /* CollectionViewCell.swift in Sources */ = {isa = PBXBuildFile; fileRef = F02CDFC6238411E3007E0E07 /* CollectionViewCell.swift */; };
		F02CDFCE238411E3007E0E07 /* RestorauntsViewModel.swift in Sources */ = {isa = PBXBuildFile; fileRef = F02CDFC8238411E3007E0E07 /* RestorauntsViewModel.swift */; };
		F02CDFD423841461007E0E07 /* JSONtests.json in Resources */ = {isa = PBXBuildFile; fileRef = F02CDFD323841461007E0E07 /* JSONtests.json */; };
		F02CDFDF2384163A007E0E07 /* GeneratedMocks.swift in Sources */ = {isa = PBXBuildFile; fileRef = F02CDFDE2384163A007E0E07 /* GeneratedMocks.swift */; };
		F02CE08223842347007E0E07 /* RestorauntsSingle.framework in Frameworks */ = {isa = PBXBuildFile; fileRef = F02CE08123842347007E0E07 /* RestorauntsSingle.framework */; };
		F02CE08323842355007E0E07 /* RestorauntsSingle.framework in Embed Frameworks */ = {isa = PBXBuildFile; fileRef = F02CE08123842347007E0E07 /* RestorauntsSingle.framework */; settings = {ATTRIBUTES = (CodeSignOnCopy, RemoveHeadersOnCopy, ); }; };
		F02CE08523842398007E0E07 /* GradientView.swift in Sources */ = {isa = PBXBuildFile; fileRef = F02CE08423842398007E0E07 /* GradientView.swift */; };
		F065A214238FB5750023D74A /* MainViewDataModel.swift in Sources */ = {isa = PBXBuildFile; fileRef = F065A213238FB5750023D74A /* MainViewDataModel.swift */; };
		F096043723866B0E00F19789 /* RestorauntsModelTest.swift in Sources */ = {isa = PBXBuildFile; fileRef = F096043623866B0E00F19789 /* RestorauntsModelTest.swift */; };
		F096043D2386740E00F19789 /* Shared.framework in Sources */ = {isa = PBXBuildFile; fileRef = F0F22675237D3757003C1AD2 /* Shared.framework */; };
		F0F22595237D2D43003C1AD2 /* AppDelegate.swift in Sources */ = {isa = PBXBuildFile; fileRef = F0F22594237D2D43003C1AD2 /* AppDelegate.swift */; };
		F0F22597237D2D43003C1AD2 /* SceneDelegate.swift in Sources */ = {isa = PBXBuildFile; fileRef = F0F22596237D2D43003C1AD2 /* SceneDelegate.swift */; };
		F0F22599237D2D43003C1AD2 /* ViewController.swift in Sources */ = {isa = PBXBuildFile; fileRef = F0F22598237D2D43003C1AD2 /* ViewController.swift */; };
		F0F2259E237D2D44003C1AD2 /* Assets.xcassets in Resources */ = {isa = PBXBuildFile; fileRef = F0F2259D237D2D44003C1AD2 /* Assets.xcassets */; };
		F0F225A1237D2D44003C1AD2 /* LaunchScreen.storyboard in Resources */ = {isa = PBXBuildFile; fileRef = F0F2259F237D2D44003C1AD2 /* LaunchScreen.storyboard */; };
		F0F225AC237D2D44003C1AD2 /* FactoryAppTests.swift in Sources */ = {isa = PBXBuildFile; fileRef = F0F225AB237D2D44003C1AD2 /* FactoryAppTests.swift */; };
		F0F225BC237D2EBC003C1AD2 /* AppCoordinator.swift in Sources */ = {isa = PBXBuildFile; fileRef = F0F225BB237D2EBC003C1AD2 /* AppCoordinator.swift */; };
		F0F225CA237D2EDD003C1AD2 /* Rubik-Bold.ttf in Resources */ = {isa = PBXBuildFile; fileRef = F0F225C4237D2EDD003C1AD2 /* Rubik-Bold.ttf */; };
		F0F225CB237D2EDD003C1AD2 /* Rubik-Medium.ttf in Resources */ = {isa = PBXBuildFile; fileRef = F0F225C5237D2EDD003C1AD2 /* Rubik-Medium.ttf */; };
		F0F225CC237D2EDD003C1AD2 /* Rubik-Black.ttf in Resources */ = {isa = PBXBuildFile; fileRef = F0F225C6237D2EDD003C1AD2 /* Rubik-Black.ttf */; };
		F0F225CD237D2EDD003C1AD2 /* Rubik-Italic.ttf in Resources */ = {isa = PBXBuildFile; fileRef = F0F225C7237D2EDD003C1AD2 /* Rubik-Italic.ttf */; };
		F0F225CE237D2EDD003C1AD2 /* Rubik-BlackItalic.ttf in Resources */ = {isa = PBXBuildFile; fileRef = F0F225C8237D2EDD003C1AD2 /* Rubik-BlackItalic.ttf */; };
		F0F225CF237D2EDD003C1AD2 /* Rubik-Regular.ttf in Resources */ = {isa = PBXBuildFile; fileRef = F0F225C9237D2EDD003C1AD2 /* Rubik-Regular.ttf */; };
		F0F22676237D3757003C1AD2 /* MealsScreen.framework in Frameworks */ = {isa = PBXBuildFile; fileRef = F0F22674237D3757003C1AD2 /* MealsScreen.framework */; settings = {ATTRIBUTES = (Weak, ); }; };
		F0F22677237D3757003C1AD2 /* MealsScreen.framework in Embed Frameworks */ = {isa = PBXBuildFile; fileRef = F0F22674237D3757003C1AD2 /* MealsScreen.framework */; settings = {ATTRIBUTES = (CodeSignOnCopy, RemoveHeadersOnCopy, ); }; };
		F0F22678237D3757003C1AD2 /* Shared.framework in Frameworks */ = {isa = PBXBuildFile; fileRef = F0F22675237D3757003C1AD2 /* Shared.framework */; settings = {ATTRIBUTES = (Weak, ); }; };
		F0F22679237D3757003C1AD2 /* Shared.framework in Embed Frameworks */ = {isa = PBXBuildFile; fileRef = F0F22675237D3757003C1AD2 /* Shared.framework */; settings = {ATTRIBUTES = (CodeSignOnCopy, RemoveHeadersOnCopy, ); }; };
/* End PBXBuildFile section */

/* Begin PBXContainerItemProxy section */
		F0F225A8237D2D44003C1AD2 /* PBXContainerItemProxy */ = {
			isa = PBXContainerItemProxy;
			containerPortal = F0F22589237D2D43003C1AD2 /* Project object */;
			proxyType = 1;
			remoteGlobalIDString = F0F22590237D2D43003C1AD2;
			remoteInfo = FactoryApp;
		};
/* End PBXContainerItemProxy section */

/* Begin PBXCopyFilesBuildPhase section */
		F0F2267A237D3757003C1AD2 /* Embed Frameworks */ = {
			isa = PBXCopyFilesBuildPhase;
			buildActionMask = 2147483647;
			dstPath = "";
			dstSubfolderSpec = 10;
			files = (
				F02CE08323842355007E0E07 /* RestorauntsSingle.framework in Embed Frameworks */,
				F013A3BF238693BE00754549 /* WishList.framework in Embed Frameworks */,
				F0F22677237D3757003C1AD2 /* MealsScreen.framework in Embed Frameworks */,
				F0F22679237D3757003C1AD2 /* Shared.framework in Embed Frameworks */,
			);
			name = "Embed Frameworks";
			runOnlyForDeploymentPostprocessing = 0;
		};
/* End PBXCopyFilesBuildPhase section */

/* Begin PBXFileReference section */
		1345FD006401F85AC91EADC5 /* Pods_FactoryApp.framework */ = {isa = PBXFileReference; explicitFileType = wrapper.framework; includeInIndex = 0; path = Pods_FactoryApp.framework; sourceTree = BUILT_PRODUCTS_DIR; };
		3470C75761E10BABC5104859 /* Pods_FactoryAppTests.framework */ = {isa = PBXFileReference; explicitFileType = wrapper.framework; includeInIndex = 0; path = Pods_FactoryAppTests.framework; sourceTree = BUILT_PRODUCTS_DIR; };
		8544EF4D2EE923F458FA143A /* Pods-FactoryAppTests.release.xcconfig */ = {isa = PBXFileReference; includeInIndex = 1; lastKnownFileType = text.xcconfig; name = "Pods-FactoryAppTests.release.xcconfig"; path = "Target Support Files/Pods-FactoryAppTests/Pods-FactoryAppTests.release.xcconfig"; sourceTree = "<group>"; };
		99478E0950F0AD02B2541868 /* Pods-FactoryApp.debug.xcconfig */ = {isa = PBXFileReference; includeInIndex = 1; lastKnownFileType = text.xcconfig; name = "Pods-FactoryApp.debug.xcconfig"; path = "Target Support Files/Pods-FactoryApp/Pods-FactoryApp.debug.xcconfig"; sourceTree = "<group>"; };
		9D760E9D47DF27A363CF7327 /* Pods-FactoryAppTests.debug.xcconfig */ = {isa = PBXFileReference; includeInIndex = 1; lastKnownFileType = text.xcconfig; name = "Pods-FactoryAppTests.debug.xcconfig"; path = "Target Support Files/Pods-FactoryAppTests/Pods-FactoryAppTests.debug.xcconfig"; sourceTree = "<group>"; };
		AC822EAB22C9C3E17EF9FB52 /* Pods-FactoryApp.release.xcconfig */ = {isa = PBXFileReference; includeInIndex = 1; lastKnownFileType = text.xcconfig; name = "Pods-FactoryApp.release.xcconfig"; path = "Target Support Files/Pods-FactoryApp/Pods-FactoryApp.release.xcconfig"; sourceTree = "<group>"; };
		F013A3BD238693BE00754549 /* WishList.framework */ = {isa = PBXFileReference; explicitFileType = wrapper.framework; path = WishList.framework; sourceTree = BUILT_PRODUCTS_DIR; };
		F02CDFC0238411E3007E0E07 /* RestorauntsViewController.swift */ = {isa = PBXFileReference; fileEncoding = 4; lastKnownFileType = sourcecode.swift; path = RestorauntsViewController.swift; sourceTree = "<group>"; };
		F02CDFC2238411E3007E0E07 /* RestorauntView.swift */ = {isa = PBXFileReference; fileEncoding = 4; lastKnownFileType = sourcecode.swift; path = RestorauntView.swift; sourceTree = "<group>"; };
		F02CDFC4238411E3007E0E07 /* RestorauntsCoordinator.swift */ = {isa = PBXFileReference; fileEncoding = 4; lastKnownFileType = sourcecode.swift; path = RestorauntsCoordinator.swift; sourceTree = "<group>"; };
		F02CDFC5238411E3007E0E07 /* RestorauntsTableViewCell.swift */ = {isa = PBXFileReference; fileEncoding = 4; lastKnownFileType = sourcecode.swift; path = RestorauntsTableViewCell.swift; sourceTree = "<group>"; };
		F02CDFC6238411E3007E0E07 /* CollectionViewCell.swift */ = {isa = PBXFileReference; fileEncoding = 4; lastKnownFileType = sourcecode.swift; path = CollectionViewCell.swift; sourceTree = "<group>"; };
		F02CDFC8238411E3007E0E07 /* RestorauntsViewModel.swift */ = {isa = PBXFileReference; fileEncoding = 4; lastKnownFileType = sourcecode.swift; path = RestorauntsViewModel.swift; sourceTree = "<group>"; };
		F02CDFD323841461007E0E07 /* JSONtests.json */ = {isa = PBXFileReference; fileEncoding = 4; lastKnownFileType = text.json; path = JSONtests.json; sourceTree = "<group>"; };
		F02CDFDE2384163A007E0E07 /* GeneratedMocks.swift */ = {isa = PBXFileReference; fileEncoding = 4; lastKnownFileType = sourcecode.swift; path = GeneratedMocks.swift; sourceTree = "<group>"; };
		F02CE08123842347007E0E07 /* RestorauntsSingle.framework */ = {isa = PBXFileReference; explicitFileType = wrapper.framework; path = RestorauntsSingle.framework; sourceTree = BUILT_PRODUCTS_DIR; };
		F02CE08423842398007E0E07 /* GradientView.swift */ = {isa = PBXFileReference; fileEncoding = 4; lastKnownFileType = sourcecode.swift; path = GradientView.swift; sourceTree = "<group>"; };
		F065A213238FB5750023D74A /* MainViewDataModel.swift */ = {isa = PBXFileReference; lastKnownFileType = sourcecode.swift; path = MainViewDataModel.swift; sourceTree = "<group>"; };
		F096043623866B0E00F19789 /* RestorauntsModelTest.swift */ = {isa = PBXFileReference; fileEncoding = 4; lastKnownFileType = sourcecode.swift; path = RestorauntsModelTest.swift; sourceTree = "<group>"; };
		F0960439238670D500F19789 /* Shared.framework */ = {isa = PBXFileReference; explicitFileType = wrapper.framework; path = Shared.framework; sourceTree = BUILT_PRODUCTS_DIR; };
		F096043B238670F200F19789 /* Pods_Shared.framework */ = {isa = PBXFileReference; explicitFileType = wrapper.framework; path = Pods_Shared.framework; sourceTree = BUILT_PRODUCTS_DIR; };
		F0F22591237D2D43003C1AD2 /* FactoryApp.app */ = {isa = PBXFileReference; explicitFileType = wrapper.application; includeInIndex = 0; path = FactoryApp.app; sourceTree = BUILT_PRODUCTS_DIR; };
		F0F22594237D2D43003C1AD2 /* AppDelegate.swift */ = {isa = PBXFileReference; lastKnownFileType = sourcecode.swift; path = AppDelegate.swift; sourceTree = "<group>"; };
		F0F22596237D2D43003C1AD2 /* SceneDelegate.swift */ = {isa = PBXFileReference; lastKnownFileType = sourcecode.swift; path = SceneDelegate.swift; sourceTree = "<group>"; };
		F0F22598237D2D43003C1AD2 /* ViewController.swift */ = {isa = PBXFileReference; lastKnownFileType = sourcecode.swift; path = ViewController.swift; sourceTree = "<group>"; };
		F0F2259D237D2D44003C1AD2 /* Assets.xcassets */ = {isa = PBXFileReference; lastKnownFileType = folder.assetcatalog; path = Assets.xcassets; sourceTree = "<group>"; };
		F0F225A0237D2D44003C1AD2 /* Base */ = {isa = PBXFileReference; lastKnownFileType = file.storyboard; name = Base; path = Base.lproj/LaunchScreen.storyboard; sourceTree = "<group>"; };
		F0F225A2237D2D44003C1AD2 /* Info.plist */ = {isa = PBXFileReference; lastKnownFileType = text.plist.xml; path = Info.plist; sourceTree = "<group>"; };
		F0F225A7237D2D44003C1AD2 /* FactoryAppTests.xctest */ = {isa = PBXFileReference; explicitFileType = wrapper.cfbundle; includeInIndex = 0; path = FactoryAppTests.xctest; sourceTree = BUILT_PRODUCTS_DIR; };
		F0F225AB237D2D44003C1AD2 /* FactoryAppTests.swift */ = {isa = PBXFileReference; lastKnownFileType = sourcecode.swift; path = FactoryAppTests.swift; sourceTree = "<group>"; };
		F0F225AD237D2D44003C1AD2 /* Info.plist */ = {isa = PBXFileReference; lastKnownFileType = text.plist.xml; path = Info.plist; sourceTree = "<group>"; };
		F0F225BB237D2EBC003C1AD2 /* AppCoordinator.swift */ = {isa = PBXFileReference; fileEncoding = 4; lastKnownFileType = sourcecode.swift; path = AppCoordinator.swift; sourceTree = "<group>"; };
		F0F225C4237D2EDD003C1AD2 /* Rubik-Bold.ttf */ = {isa = PBXFileReference; lastKnownFileType = file; path = "Rubik-Bold.ttf"; sourceTree = "<group>"; };
		F0F225C5237D2EDD003C1AD2 /* Rubik-Medium.ttf */ = {isa = PBXFileReference; lastKnownFileType = file; path = "Rubik-Medium.ttf"; sourceTree = "<group>"; };
		F0F225C6237D2EDD003C1AD2 /* Rubik-Black.ttf */ = {isa = PBXFileReference; lastKnownFileType = file; path = "Rubik-Black.ttf"; sourceTree = "<group>"; };
		F0F225C7237D2EDD003C1AD2 /* Rubik-Italic.ttf */ = {isa = PBXFileReference; lastKnownFileType = file; path = "Rubik-Italic.ttf"; sourceTree = "<group>"; };
		F0F225C8237D2EDD003C1AD2 /* Rubik-BlackItalic.ttf */ = {isa = PBXFileReference; lastKnownFileType = file; path = "Rubik-BlackItalic.ttf"; sourceTree = "<group>"; };
		F0F225C9237D2EDD003C1AD2 /* Rubik-Regular.ttf */ = {isa = PBXFileReference; lastKnownFileType = file; path = "Rubik-Regular.ttf"; sourceTree = "<group>"; };
		F0F22674237D3757003C1AD2 /* MealsScreen.framework */ = {isa = PBXFileReference; explicitFileType = wrapper.framework; path = MealsScreen.framework; sourceTree = BUILT_PRODUCTS_DIR; };
		F0F22675237D3757003C1AD2 /* Shared.framework */ = {isa = PBXFileReference; explicitFileType = wrapper.framework; path = Shared.framework; sourceTree = BUILT_PRODUCTS_DIR; };
/* End PBXFileReference section */

/* Begin PBXFrameworksBuildPhase section */
		F0F2258E237D2D43003C1AD2 /* Frameworks */ = {
			isa = PBXFrameworksBuildPhase;
			buildActionMask = 2147483647;
			files = (
				F02CE08223842347007E0E07 /* RestorauntsSingle.framework in Frameworks */,
				F0F22678237D3757003C1AD2 /* Shared.framework in Frameworks */,
				F0F22676237D3757003C1AD2 /* MealsScreen.framework in Frameworks */,
				F013A3BE238693BE00754549 /* WishList.framework in Frameworks */,
				5CB14337B39D65F158C74ADD /* Pods_FactoryApp.framework in Frameworks */,
			);
			runOnlyForDeploymentPostprocessing = 0;
		};
		F0F225A4237D2D44003C1AD2 /* Frameworks */ = {
			isa = PBXFrameworksBuildPhase;
			buildActionMask = 2147483647;
			files = (
				6C16A3873586EC177465D901 /* Pods_FactoryAppTests.framework in Frameworks */,
			);
			runOnlyForDeploymentPostprocessing = 0;
		};
/* End PBXFrameworksBuildPhase section */

/* Begin PBXGroup section */
		2038A0AE4B34BB9FBBAEC94A /* Pods */ = {
			isa = PBXGroup;
			children = (
				99478E0950F0AD02B2541868 /* Pods-FactoryApp.debug.xcconfig */,
				AC822EAB22C9C3E17EF9FB52 /* Pods-FactoryApp.release.xcconfig */,
				9D760E9D47DF27A363CF7327 /* Pods-FactoryAppTests.debug.xcconfig */,
				8544EF4D2EE923F458FA143A /* Pods-FactoryAppTests.release.xcconfig */,
			);
			path = Pods;
			sourceTree = "<group>";
		};
		624392411F2AFF108EBF345D /* Frameworks */ = {
			isa = PBXGroup;
			children = (
				F013A3BD238693BE00754549 /* WishList.framework */,
				F096043B238670F200F19789 /* Pods_Shared.framework */,
				F0960439238670D500F19789 /* Shared.framework */,
				F02CE08123842347007E0E07 /* RestorauntsSingle.framework */,
				F0F22674237D3757003C1AD2 /* MealsScreen.framework */,
				F0F22675237D3757003C1AD2 /* Shared.framework */,
				1345FD006401F85AC91EADC5 /* Pods_FactoryApp.framework */,
				3470C75761E10BABC5104859 /* Pods_FactoryAppTests.framework */,
			);
			name = Frameworks;
			sourceTree = "<group>";
		};
		F02CDFBE238411E3007E0E07 /* RestorauntsScreen */ = {
			isa = PBXGroup;
			children = (
				F065A212238FB54A0023D74A /* ViewDataModel */,
				F02CDFBF238411E3007E0E07 /* UI */,
				F02CDFC3238411E3007E0E07 /* Coordinator */,
				F02CDFC7238411E3007E0E07 /* ViewModel */,
			);
			path = RestorauntsScreen;
			sourceTree = "<group>";
		};
		F02CDFBF238411E3007E0E07 /* UI */ = {
			isa = PBXGroup;
			children = (
				F065A211238FB3EB0023D74A /* Cells */,
				F02CDFC0238411E3007E0E07 /* RestorauntsViewController.swift */,
				F02CDFC1238411E3007E0E07 /* View */,
			);
			path = UI;
			sourceTree = "<group>";
		};
		F02CDFC1238411E3007E0E07 /* View */ = {
			isa = PBXGroup;
			children = (
				F02CDFC2238411E3007E0E07 /* RestorauntView.swift */,
			);
			path = View;
			sourceTree = "<group>";
		};
		F02CDFC3238411E3007E0E07 /* Coordinator */ = {
			isa = PBXGroup;
			children = (
				F02CDFC4238411E3007E0E07 /* RestorauntsCoordinator.swift */,
			);
			path = Coordinator;
			sourceTree = "<group>";
		};
		F02CDFC7238411E3007E0E07 /* ViewModel */ = {
			isa = PBXGroup;
			children = (
				F02CDFC8238411E3007E0E07 /* RestorauntsViewModel.swift */,
			);
			path = ViewModel;
			sourceTree = "<group>";
		};
		F065A211238FB3EB0023D74A /* Cells */ = {
			isa = PBXGroup;
			children = (
				F02CDFC5238411E3007E0E07 /* RestorauntsTableViewCell.swift */,
				F02CDFC6238411E3007E0E07 /* CollectionViewCell.swift */,
			);
			path = Cells;
			sourceTree = "<group>";
		};
		F065A212238FB54A0023D74A /* ViewDataModel */ = {
			isa = PBXGroup;
			children = (
				F065A213238FB5750023D74A /* MainViewDataModel.swift */,
			);
			path = ViewDataModel;
			sourceTree = "<group>";
		};
		F0F22588237D2D43003C1AD2 = {
			isa = PBXGroup;
			children = (
				F0F22593237D2D43003C1AD2 /* FactoryApp */,
				F0F225AA237D2D44003C1AD2 /* FactoryAppTests */,
				F0F22592237D2D43003C1AD2 /* Products */,
				2038A0AE4B34BB9FBBAEC94A /* Pods */,
				624392411F2AFF108EBF345D /* Frameworks */,
			);
			sourceTree = "<group>";
		};
		F0F22592237D2D43003C1AD2 /* Products */ = {
			isa = PBXGroup;
			children = (
				F0F22591237D2D43003C1AD2 /* FactoryApp.app */,
				F0F225A7237D2D44003C1AD2 /* FactoryAppTests.xctest */,
			);
			name = Products;
			sourceTree = "<group>";
		};
		F0F22593237D2D43003C1AD2 /* FactoryApp */ = {
			isa = PBXGroup;
			children = (
				F02CDFBE238411E3007E0E07 /* RestorauntsScreen */,
				F0F225B6237D2E8A003C1AD2 /* Delegate */,
				F0F22598237D2D43003C1AD2 /* ViewController.swift */,
				F0F225B8237D2EA7003C1AD2 /* Coordinator */,
				F0F225C3237D2EDD003C1AD2 /* Resource */,
				F0F2259D237D2D44003C1AD2 /* Assets.xcassets */,
				F0F2259F237D2D44003C1AD2 /* LaunchScreen.storyboard */,
				F0F225A2237D2D44003C1AD2 /* Info.plist */,
			);
			path = FactoryApp;
			sourceTree = "<group>";
		};
		F0F225AA237D2D44003C1AD2 /* FactoryAppTests */ = {
			isa = PBXGroup;
			children = (
				F02CDFDE2384163A007E0E07 /* GeneratedMocks.swift */,
				F096043623866B0E00F19789 /* RestorauntsModelTest.swift */,
				F02CDFD323841461007E0E07 /* JSONtests.json */,
				F0F225AB237D2D44003C1AD2 /* FactoryAppTests.swift */,
				F0F225AD237D2D44003C1AD2 /* Info.plist */,
			);
			path = FactoryAppTests;
			sourceTree = "<group>";
		};
		F0F225B6237D2E8A003C1AD2 /* Delegate */ = {
			isa = PBXGroup;
			children = (
				F0F22594237D2D43003C1AD2 /* AppDelegate.swift */,
				F0F22596237D2D43003C1AD2 /* SceneDelegate.swift */,
			);
			path = Delegate;
			sourceTree = "<group>";
		};
		F0F225B8237D2EA7003C1AD2 /* Coordinator */ = {
			isa = PBXGroup;
			children = (
				F0F225BB237D2EBC003C1AD2 /* AppCoordinator.swift */,
			);
			path = Coordinator;
			sourceTree = "<group>";
		};
		F0F225C3237D2EDD003C1AD2 /* Resource */ = {
			isa = PBXGroup;
			children = (
				F02CE08423842398007E0E07 /* GradientView.swift */,
				F0F225C4237D2EDD003C1AD2 /* Rubik-Bold.ttf */,
				F0F225C5237D2EDD003C1AD2 /* Rubik-Medium.ttf */,
				F0F225C6237D2EDD003C1AD2 /* Rubik-Black.ttf */,
				F0F225C7237D2EDD003C1AD2 /* Rubik-Italic.ttf */,
				F0F225C8237D2EDD003C1AD2 /* Rubik-BlackItalic.ttf */,
				F0F225C9237D2EDD003C1AD2 /* Rubik-Regular.ttf */,
			);
			path = Resource;
			sourceTree = "<group>";
		};
/* End PBXGroup section */

/* Begin PBXNativeTarget section */
		F0F22590237D2D43003C1AD2 /* FactoryApp */ = {
			isa = PBXNativeTarget;
			buildConfigurationList = F0F225B0237D2D44003C1AD2 /* Build configuration list for PBXNativeTarget "FactoryApp" */;
			buildPhases = (
				A1A143813E9EB1912E0F92CE /* [CP] Check Pods Manifest.lock */,
				F0F2258D237D2D43003C1AD2 /* Sources */,
				F0F2258E237D2D43003C1AD2 /* Frameworks */,
				F0F2258F237D2D43003C1AD2 /* Resources */,
				F0F2267A237D3757003C1AD2 /* Embed Frameworks */,
				1B2CD7CB5298BEEEF34F1B32 /* [CP] Embed Pods Frameworks */,
			);
			buildRules = (
			);
			dependencies = (
			);
			name = FactoryApp;
			productName = FactoryApp;
			productReference = F0F22591237D2D43003C1AD2 /* FactoryApp.app */;
			productType = "com.apple.product-type.application";
		};
		F0F225A6237D2D44003C1AD2 /* FactoryAppTests */ = {
			isa = PBXNativeTarget;
			buildConfigurationList = F0F225B3237D2D44003C1AD2 /* Build configuration list for PBXNativeTarget "FactoryAppTests" */;
			buildPhases = (
				6B9E9319CFDD8E9DCE627E74 /* [CP] Check Pods Manifest.lock */,
				F096043823866B2500F19789 /* ShellScript */,
				F0F225A3237D2D44003C1AD2 /* Sources */,
				F0F225A4237D2D44003C1AD2 /* Frameworks */,
				F0F225A5237D2D44003C1AD2 /* Resources */,
				E6A68F631BCA49C5A1BEF123 /* [CP] Embed Pods Frameworks */,
			);
			buildRules = (
			);
			dependencies = (
				F0F225A9237D2D44003C1AD2 /* PBXTargetDependency */,
			);
			name = FactoryAppTests;
			productName = FactoryAppTests;
			productReference = F0F225A7237D2D44003C1AD2 /* FactoryAppTests.xctest */;
			productType = "com.apple.product-type.bundle.unit-test";
		};
/* End PBXNativeTarget section */

/* Begin PBXProject section */
		F0F22589237D2D43003C1AD2 /* Project object */ = {
			isa = PBXProject;
			attributes = {
				LastSwiftUpdateCheck = 1120;
				LastUpgradeCheck = 1120;
				ORGANIZATIONNAME = "Matej Hetzel";
				TargetAttributes = {
					F0F22590237D2D43003C1AD2 = {
						CreatedOnToolsVersion = 11.2.1;
					};
					F0F225A6237D2D44003C1AD2 = {
						CreatedOnToolsVersion = 11.2.1;
						TestTargetID = F0F22590237D2D43003C1AD2;
					};
				};
			};
			buildConfigurationList = F0F2258C237D2D43003C1AD2 /* Build configuration list for PBXProject "FactoryApp" */;
			compatibilityVersion = "Xcode 9.3";
			developmentRegion = en;
			hasScannedForEncodings = 0;
			knownRegions = (
				en,
				Base,
			);
			mainGroup = F0F22588237D2D43003C1AD2;
			productRefGroup = F0F22592237D2D43003C1AD2 /* Products */;
			projectDirPath = "";
			projectRoot = "";
			targets = (
				F0F22590237D2D43003C1AD2 /* FactoryApp */,
				F0F225A6237D2D44003C1AD2 /* FactoryAppTests */,
			);
		};
/* End PBXProject section */

/* Begin PBXResourcesBuildPhase section */
		F0F2258F237D2D43003C1AD2 /* Resources */ = {
			isa = PBXResourcesBuildPhase;
			buildActionMask = 2147483647;
			files = (
				F0F225A1237D2D44003C1AD2 /* LaunchScreen.storyboard in Resources */,
				F0F225CF237D2EDD003C1AD2 /* Rubik-Regular.ttf in Resources */,
				F0F225CA237D2EDD003C1AD2 /* Rubik-Bold.ttf in Resources */,
				F0F225CD237D2EDD003C1AD2 /* Rubik-Italic.ttf in Resources */,
				F0F2259E237D2D44003C1AD2 /* Assets.xcassets in Resources */,
				F0F225CE237D2EDD003C1AD2 /* Rubik-BlackItalic.ttf in Resources */,
				F0F225CC237D2EDD003C1AD2 /* Rubik-Black.ttf in Resources */,
				F0F225CB237D2EDD003C1AD2 /* Rubik-Medium.ttf in Resources */,
			);
			runOnlyForDeploymentPostprocessing = 0;
		};
		F0F225A5237D2D44003C1AD2 /* Resources */ = {
			isa = PBXResourcesBuildPhase;
			buildActionMask = 2147483647;
			files = (
				F02CDFD423841461007E0E07 /* JSONtests.json in Resources */,
			);
			runOnlyForDeploymentPostprocessing = 0;
		};
/* End PBXResourcesBuildPhase section */

/* Begin PBXShellScriptBuildPhase section */
		1B2CD7CB5298BEEEF34F1B32 /* [CP] Embed Pods Frameworks */ = {
			isa = PBXShellScriptBuildPhase;
			buildActionMask = 2147483647;
			files = (
			);
			inputFileListPaths = (
				"${PODS_ROOT}/Target Support Files/Pods-FactoryApp/Pods-FactoryApp-frameworks-${CONFIGURATION}-input-files.xcfilelist",
			);
			name = "[CP] Embed Pods Frameworks";
			outputFileListPaths = (
				"${PODS_ROOT}/Target Support Files/Pods-FactoryApp/Pods-FactoryApp-frameworks-${CONFIGURATION}-output-files.xcfilelist",
			);
			runOnlyForDeploymentPostprocessing = 0;
			shellPath = /bin/sh;
			shellScript = "\"${PODS_ROOT}/Target Support Files/Pods-FactoryApp/Pods-FactoryApp-frameworks.sh\"\n";
			showEnvVarsInLog = 0;
		};
		6B9E9319CFDD8E9DCE627E74 /* [CP] Check Pods Manifest.lock */ = {
			isa = PBXShellScriptBuildPhase;
			buildActionMask = 2147483647;
			files = (
			);
			inputFileListPaths = (
			);
			inputPaths = (
				"${PODS_PODFILE_DIR_PATH}/Podfile.lock",
				"${PODS_ROOT}/Manifest.lock",
			);
			name = "[CP] Check Pods Manifest.lock";
			outputFileListPaths = (
			);
			outputPaths = (
				"$(DERIVED_FILE_DIR)/Pods-FactoryAppTests-checkManifestLockResult.txt",
			);
			runOnlyForDeploymentPostprocessing = 0;
			shellPath = /bin/sh;
			shellScript = "diff \"${PODS_PODFILE_DIR_PATH}/Podfile.lock\" \"${PODS_ROOT}/Manifest.lock\" > /dev/null\nif [ $? != 0 ] ; then\n    # print error to STDERR\n    echo \"error: The sandbox is not in sync with the Podfile.lock. Run 'pod install' or update your CocoaPods installation.\" >&2\n    exit 1\nfi\n# This output is used by Xcode 'outputs' to avoid re-running this script phase.\necho \"SUCCESS\" > \"${SCRIPT_OUTPUT_FILE_0}\"\n";
			showEnvVarsInLog = 0;
		};
		A1A143813E9EB1912E0F92CE /* [CP] Check Pods Manifest.lock */ = {
			isa = PBXShellScriptBuildPhase;
			buildActionMask = 2147483647;
			files = (
			);
			inputFileListPaths = (
			);
			inputPaths = (
				"${PODS_PODFILE_DIR_PATH}/Podfile.lock",
				"${PODS_ROOT}/Manifest.lock",
			);
			name = "[CP] Check Pods Manifest.lock";
			outputFileListPaths = (
			);
			outputPaths = (
				"$(DERIVED_FILE_DIR)/Pods-FactoryApp-checkManifestLockResult.txt",
			);
			runOnlyForDeploymentPostprocessing = 0;
			shellPath = /bin/sh;
			shellScript = "diff \"${PODS_PODFILE_DIR_PATH}/Podfile.lock\" \"${PODS_ROOT}/Manifest.lock\" > /dev/null\nif [ $? != 0 ] ; then\n    # print error to STDERR\n    echo \"error: The sandbox is not in sync with the Podfile.lock. Run 'pod install' or update your CocoaPods installation.\" >&2\n    exit 1\nfi\n# This output is used by Xcode 'outputs' to avoid re-running this script phase.\necho \"SUCCESS\" > \"${SCRIPT_OUTPUT_FILE_0}\"\n";
			showEnvVarsInLog = 0;
		};
		E6A68F631BCA49C5A1BEF123 /* [CP] Embed Pods Frameworks */ = {
			isa = PBXShellScriptBuildPhase;
			buildActionMask = 2147483647;
			files = (
			);
			inputFileListPaths = (
				"${PODS_ROOT}/Target Support Files/Pods-FactoryAppTests/Pods-FactoryAppTests-frameworks-${CONFIGURATION}-input-files.xcfilelist",
			);
			name = "[CP] Embed Pods Frameworks";
			outputFileListPaths = (
				"${PODS_ROOT}/Target Support Files/Pods-FactoryAppTests/Pods-FactoryAppTests-frameworks-${CONFIGURATION}-output-files.xcfilelist",
			);
			runOnlyForDeploymentPostprocessing = 0;
			shellPath = /bin/sh;
			shellScript = "\"${PODS_ROOT}/Target Support Files/Pods-FactoryAppTests/Pods-FactoryAppTests-frameworks.sh\"\n";
			showEnvVarsInLog = 0;
		};
		F096043823866B2500F19789 /* ShellScript */ = {
			isa = PBXShellScriptBuildPhase;
			buildActionMask = 2147483647;
			files = (
			);
			inputFileListPaths = (
			);
			inputPaths = (
				"${PROJECT_DIR}/Shared/Shared/Repository/RestorauntDataRepository.swift",
			);
			outputFileListPaths = (
			);
			outputPaths = (
			);
			runOnlyForDeploymentPostprocessing = 0;
			shellPath = /bin/sh;
			shellScript = "# Define output file. Change \"${PROJECT_DIR}/${PROJECT_NAME}Tests\" to your test's root source folder, if it's not the default name.\nOUTPUT_FILE=\"${PROJECT_DIR}/${PROJECT_NAME}Tests/GeneratedMocks.swift\"\necho \"Generated Mocks File = ${OUTPUT_FILE}\"\n\n# Define input directory. Change \"${PROJECT_DIR}/${PROJECT_NAME}\" to your project's root source folder, if it's not the default name.\nINPUT_DIR=\"${PROJECT_DIR}/${PROJECT_NAME}\"\necho \"Mocks Input Directory = ${INPUT_DIR}\"\n\n# Generate mock files, include as many input files as you'd like to create mocks for.\n\"${PODS_ROOT}/Cuckoo/run\" generate --testable \"${PROJECT_NAME}\" \\\n--output \"${OUTPUT_FILE}\" \n# ... and so forth, the last line should never end with a backslash\n\n# After running once, locate `GeneratedMocks.swift` and drag it into your Xcode test target group.\n\n";
		};
/* End PBXShellScriptBuildPhase section */

/* Begin PBXSourcesBuildPhase section */
		F0F2258D237D2D43003C1AD2 /* Sources */ = {
			isa = PBXSourcesBuildPhase;
			buildActionMask = 2147483647;
			files = (
				F0F225BC237D2EBC003C1AD2 /* AppCoordinator.swift in Sources */,
				F02CDFCD238411E3007E0E07 /* CollectionViewCell.swift in Sources */,
				F02CDFCE238411E3007E0E07 /* RestorauntsViewModel.swift in Sources */,
				F0F22599237D2D43003C1AD2 /* ViewController.swift in Sources */,
				F02CDFC9238411E3007E0E07 /* RestorauntsViewController.swift in Sources */,
				F065A214238FB5750023D74A /* MainViewDataModel.swift in Sources */,
				F0F22595237D2D43003C1AD2 /* AppDelegate.swift in Sources */,
				F0F22597237D2D43003C1AD2 /* SceneDelegate.swift in Sources */,
				F02CDFCB238411E3007E0E07 /* RestorauntsCoordinator.swift in Sources */,
				F02CE08523842398007E0E07 /* GradientView.swift in Sources */,
				F02CDFCA238411E3007E0E07 /* RestorauntView.swift in Sources */,
				F02CDFCC238411E3007E0E07 /* RestorauntsTableViewCell.swift in Sources */,
			);
			runOnlyForDeploymentPostprocessing = 0;
		};
		F0F225A3237D2D44003C1AD2 /* Sources */ = {
			isa = PBXSourcesBuildPhase;
			buildActionMask = 2147483647;
			files = (
				F096043D2386740E00F19789 /* Shared.framework in Sources */,
				F02CDFDF2384163A007E0E07 /* GeneratedMocks.swift in Sources */,
				F0F225AC237D2D44003C1AD2 /* FactoryAppTests.swift in Sources */,
				F096043723866B0E00F19789 /* RestorauntsModelTest.swift in Sources */,
			);
			runOnlyForDeploymentPostprocessing = 0;
		};
/* End PBXSourcesBuildPhase section */

/* Begin PBXTargetDependency section */
		F0F225A9237D2D44003C1AD2 /* PBXTargetDependency */ = {
			isa = PBXTargetDependency;
			target = F0F22590237D2D43003C1AD2 /* FactoryApp */;
			targetProxy = F0F225A8237D2D44003C1AD2 /* PBXContainerItemProxy */;
		};
/* End PBXTargetDependency section */

/* Begin PBXVariantGroup section */
		F0F2259F237D2D44003C1AD2 /* LaunchScreen.storyboard */ = {
			isa = PBXVariantGroup;
			children = (
				F0F225A0237D2D44003C1AD2 /* Base */,
			);
			name = LaunchScreen.storyboard;
			sourceTree = "<group>";
		};
/* End PBXVariantGroup section */

/* Begin XCBuildConfiguration section */
		F0F225AE237D2D44003C1AD2 /* Debug */ = {
			isa = XCBuildConfiguration;
			buildSettings = {
				ALWAYS_EMBED_SWIFT_STANDARD_LIBRARIES = YES;
				ALWAYS_SEARCH_USER_PATHS = NO;
				CLANG_ANALYZER_NONNULL = YES;
				CLANG_ANALYZER_NUMBER_OBJECT_CONVERSION = YES_AGGRESSIVE;
				CLANG_CXX_LANGUAGE_STANDARD = "gnu++14";
				CLANG_CXX_LIBRARY = "libc++";
				CLANG_ENABLE_MODULES = YES;
				CLANG_ENABLE_OBJC_ARC = YES;
				CLANG_ENABLE_OBJC_WEAK = YES;
				CLANG_WARN_BLOCK_CAPTURE_AUTORELEASING = YES;
				CLANG_WARN_BOOL_CONVERSION = YES;
				CLANG_WARN_COMMA = YES;
				CLANG_WARN_CONSTANT_CONVERSION = YES;
				CLANG_WARN_DEPRECATED_OBJC_IMPLEMENTATIONS = YES;
				CLANG_WARN_DIRECT_OBJC_ISA_USAGE = YES_ERROR;
				CLANG_WARN_DOCUMENTATION_COMMENTS = YES;
				CLANG_WARN_EMPTY_BODY = YES;
				CLANG_WARN_ENUM_CONVERSION = YES;
				CLANG_WARN_INFINITE_RECURSION = YES;
				CLANG_WARN_INT_CONVERSION = YES;
				CLANG_WARN_NON_LITERAL_NULL_CONVERSION = YES;
				CLANG_WARN_OBJC_IMPLICIT_RETAIN_SELF = YES;
				CLANG_WARN_OBJC_LITERAL_CONVERSION = YES;
				CLANG_WARN_OBJC_ROOT_CLASS = YES_ERROR;
				CLANG_WARN_RANGE_LOOP_ANALYSIS = YES;
				CLANG_WARN_STRICT_PROTOTYPES = YES;
				CLANG_WARN_SUSPICIOUS_MOVE = YES;
				CLANG_WARN_UNGUARDED_AVAILABILITY = YES_AGGRESSIVE;
				CLANG_WARN_UNREACHABLE_CODE = YES;
				CLANG_WARN__DUPLICATE_METHOD_MATCH = YES;
				COPY_PHASE_STRIP = NO;
				DEBUG_INFORMATION_FORMAT = dwarf;
				ENABLE_STRICT_OBJC_MSGSEND = YES;
				ENABLE_TESTABILITY = YES;
				GCC_C_LANGUAGE_STANDARD = gnu11;
				GCC_DYNAMIC_NO_PIC = NO;
				GCC_NO_COMMON_BLOCKS = YES;
				GCC_OPTIMIZATION_LEVEL = 0;
				GCC_PREPROCESSOR_DEFINITIONS = (
					"DEBUG=1",
					"$(inherited)",
				);
				GCC_WARN_64_TO_32_BIT_CONVERSION = YES;
				GCC_WARN_ABOUT_RETURN_TYPE = YES_ERROR;
				GCC_WARN_UNDECLARED_SELECTOR = YES;
				GCC_WARN_UNINITIALIZED_AUTOS = YES_AGGRESSIVE;
				GCC_WARN_UNUSED_FUNCTION = YES;
				GCC_WARN_UNUSED_VARIABLE = YES;
				IPHONEOS_DEPLOYMENT_TARGET = 13.2;
				MTL_ENABLE_DEBUG_INFO = INCLUDE_SOURCE;
				MTL_FAST_MATH = YES;
				ONLY_ACTIVE_ARCH = YES;
				SDKROOT = iphoneos;
				SWIFT_ACTIVE_COMPILATION_CONDITIONS = DEBUG;
				SWIFT_OPTIMIZATION_LEVEL = "-Onone";
			};
			name = Debug;
		};
		F0F225AF237D2D44003C1AD2 /* Release */ = {
			isa = XCBuildConfiguration;
			buildSettings = {
				ALWAYS_EMBED_SWIFT_STANDARD_LIBRARIES = YES;
				ALWAYS_SEARCH_USER_PATHS = NO;
				CLANG_ANALYZER_NONNULL = YES;
				CLANG_ANALYZER_NUMBER_OBJECT_CONVERSION = YES_AGGRESSIVE;
				CLANG_CXX_LANGUAGE_STANDARD = "gnu++14";
				CLANG_CXX_LIBRARY = "libc++";
				CLANG_ENABLE_MODULES = YES;
				CLANG_ENABLE_OBJC_ARC = YES;
				CLANG_ENABLE_OBJC_WEAK = YES;
				CLANG_WARN_BLOCK_CAPTURE_AUTORELEASING = YES;
				CLANG_WARN_BOOL_CONVERSION = YES;
				CLANG_WARN_COMMA = YES;
				CLANG_WARN_CONSTANT_CONVERSION = YES;
				CLANG_WARN_DEPRECATED_OBJC_IMPLEMENTATIONS = YES;
				CLANG_WARN_DIRECT_OBJC_ISA_USAGE = YES_ERROR;
				CLANG_WARN_DOCUMENTATION_COMMENTS = YES;
				CLANG_WARN_EMPTY_BODY = YES;
				CLANG_WARN_ENUM_CONVERSION = YES;
				CLANG_WARN_INFINITE_RECURSION = YES;
				CLANG_WARN_INT_CONVERSION = YES;
				CLANG_WARN_NON_LITERAL_NULL_CONVERSION = YES;
				CLANG_WARN_OBJC_IMPLICIT_RETAIN_SELF = YES;
				CLANG_WARN_OBJC_LITERAL_CONVERSION = YES;
				CLANG_WARN_OBJC_ROOT_CLASS = YES_ERROR;
				CLANG_WARN_RANGE_LOOP_ANALYSIS = YES;
				CLANG_WARN_STRICT_PROTOTYPES = YES;
				CLANG_WARN_SUSPICIOUS_MOVE = YES;
				CLANG_WARN_UNGUARDED_AVAILABILITY = YES_AGGRESSIVE;
				CLANG_WARN_UNREACHABLE_CODE = YES;
				CLANG_WARN__DUPLICATE_METHOD_MATCH = YES;
				COPY_PHASE_STRIP = NO;
				DEBUG_INFORMATION_FORMAT = "dwarf-with-dsym";
				ENABLE_NS_ASSERTIONS = NO;
				ENABLE_STRICT_OBJC_MSGSEND = YES;
				GCC_C_LANGUAGE_STANDARD = gnu11;
				GCC_NO_COMMON_BLOCKS = YES;
				GCC_WARN_64_TO_32_BIT_CONVERSION = YES;
				GCC_WARN_ABOUT_RETURN_TYPE = YES_ERROR;
				GCC_WARN_UNDECLARED_SELECTOR = YES;
				GCC_WARN_UNINITIALIZED_AUTOS = YES_AGGRESSIVE;
				GCC_WARN_UNUSED_FUNCTION = YES;
				GCC_WARN_UNUSED_VARIABLE = YES;
				IPHONEOS_DEPLOYMENT_TARGET = 13.2;
				MTL_ENABLE_DEBUG_INFO = NO;
				MTL_FAST_MATH = YES;
				SDKROOT = iphoneos;
				SWIFT_COMPILATION_MODE = wholemodule;
				SWIFT_OPTIMIZATION_LEVEL = "-O";
				VALIDATE_PRODUCT = YES;
			};
			name = Release;
		};
		F0F225B1237D2D44003C1AD2 /* Debug */ = {
			isa = XCBuildConfiguration;
			baseConfigurationReference = 99478E0950F0AD02B2541868 /* Pods-FactoryApp.debug.xcconfig */;
			buildSettings = {
				ASSETCATALOG_COMPILER_APPICON_NAME = AppIcon;
				CODE_SIGN_STYLE = Automatic;
				DEVELOPMENT_TEAM = SH9PFY4YLC;
				INFOPLIST_FILE = FactoryApp/Info.plist;
				IPHONEOS_DEPLOYMENT_TARGET = 13.2;
				LD_RUNPATH_SEARCH_PATHS = (
					"$(inherited)",
					"@executable_path/Frameworks",
				);
				PRODUCT_BUNDLE_IDENTIFIER = com.example.FactoryApp;
				PRODUCT_NAME = "$(TARGET_NAME)";
				SWIFT_VERSION = 5.0;
				TARGETED_DEVICE_FAMILY = "1,2";
			};
			name = Debug;
		};
		F0F225B2237D2D44003C1AD2 /* Release */ = {
			isa = XCBuildConfiguration;
			baseConfigurationReference = AC822EAB22C9C3E17EF9FB52 /* Pods-FactoryApp.release.xcconfig */;
			buildSettings = {
				ASSETCATALOG_COMPILER_APPICON_NAME = AppIcon;
				CODE_SIGN_STYLE = Automatic;
				DEVELOPMENT_TEAM = SH9PFY4YLC;
				INFOPLIST_FILE = FactoryApp/Info.plist;
				IPHONEOS_DEPLOYMENT_TARGET = 13.2;
				LD_RUNPATH_SEARCH_PATHS = (
					"$(inherited)",
					"@executable_path/Frameworks",
				);
				PRODUCT_BUNDLE_IDENTIFIER = com.example.FactoryApp;
				PRODUCT_NAME = "$(TARGET_NAME)";
				SWIFT_VERSION = 5.0;
				TARGETED_DEVICE_FAMILY = "1,2";
			};
			name = Release;
		};
		F0F225B4237D2D44003C1AD2 /* Debug */ = {
			isa = XCBuildConfiguration;
			baseConfigurationReference = 9D760E9D47DF27A363CF7327 /* Pods-FactoryAppTests.debug.xcconfig */;
			buildSettings = {
				BUNDLE_LOADER = "$(TEST_HOST)";
				"CODE_SIGN_IDENTITY[sdk=macosx*]" = "Apple Development";
				CODE_SIGN_STYLE = Automatic;
				DEVELOPMENT_TEAM = SH9PFY4YLC;
				INFOPLIST_FILE = FactoryAppTests/Info.plist;
				IPHONEOS_DEPLOYMENT_TARGET = 13.2;
				LD_RUNPATH_SEARCH_PATHS = (
					"$(inherited)",
					"@executable_path/Frameworks",
					"@loader_path/Frameworks",
				);
				PRODUCT_BUNDLE_IDENTIFIER = com.example.FactoryAppTests;
				PRODUCT_NAME = "$(TARGET_NAME)";
				SWIFT_VERSION = 5.0;
				TARGETED_DEVICE_FAMILY = "1,2";
				TEST_HOST = "$(BUILT_PRODUCTS_DIR)/FactoryApp.app/FactoryApp";
			};
			name = Debug;
		};
		F0F225B5237D2D44003C1AD2 /* Release */ = {
			isa = XCBuildConfiguration;
			baseConfigurationReference = 8544EF4D2EE923F458FA143A /* Pods-FactoryAppTests.release.xcconfig */;
			buildSettings = {
				BUNDLE_LOADER = "$(TEST_HOST)";
				"CODE_SIGN_IDENTITY[sdk=macosx*]" = "Apple Development";
				CODE_SIGN_STYLE = Automatic;
				DEVELOPMENT_TEAM = SH9PFY4YLC;
				INFOPLIST_FILE = FactoryAppTests/Info.plist;
				IPHONEOS_DEPLOYMENT_TARGET = 13.2;
				LD_RUNPATH_SEARCH_PATHS = (
					"$(inherited)",
					"@executable_path/Frameworks",
					"@loader_path/Frameworks",
				);
				PRODUCT_BUNDLE_IDENTIFIER = com.example.FactoryAppTests;
				PRODUCT_NAME = "$(TARGET_NAME)";
				SWIFT_VERSION = 5.0;
				TARGETED_DEVICE_FAMILY = "1,2";
				TEST_HOST = "$(BUILT_PRODUCTS_DIR)/FactoryApp.app/FactoryApp";
			};
			name = Release;
		};
/* End XCBuildConfiguration section */

/* Begin XCConfigurationList section */
		F0F2258C237D2D43003C1AD2 /* Build configuration list for PBXProject "FactoryApp" */ = {
			isa = XCConfigurationList;
			buildConfigurations = (
				F0F225AE237D2D44003C1AD2 /* Debug */,
				F0F225AF237D2D44003C1AD2 /* Release */,
			);
			defaultConfigurationIsVisible = 0;
			defaultConfigurationName = Release;
		};
		F0F225B0237D2D44003C1AD2 /* Build configuration list for PBXNativeTarget "FactoryApp" */ = {
			isa = XCConfigurationList;
			buildConfigurations = (
				F0F225B1237D2D44003C1AD2 /* Debug */,
				F0F225B2237D2D44003C1AD2 /* Release */,
			);
			defaultConfigurationIsVisible = 0;
			defaultConfigurationName = Release;
		};
		F0F225B3237D2D44003C1AD2 /* Build configuration list for PBXNativeTarget "FactoryAppTests" */ = {
			isa = XCConfigurationList;
			buildConfigurations = (
				F0F225B4237D2D44003C1AD2 /* Debug */,
				F0F225B5237D2D44003C1AD2 /* Release */,
			);
			defaultConfigurationIsVisible = 0;
			defaultConfigurationName = Release;
		};
/* End XCConfigurationList section */
	};
	rootObject = F0F22589237D2D43003C1AD2 /* Project object */;
}
